
Microsoft Visual Studio Solution File, Format Version 12.00
# Visual Studio Version 17
VisualStudioVersion = 17.0.31903.59
MinimumVisualStudioVersion = 10.0.40219.1
Project("{2150E333-8FDC-42A3-9474-1A3956D46DE8}") = "src", "src", "{827E0CD3-B72D-47B6-A68D-7590B98EB39B}"
EndProject
Project("{2150E333-8FDC-42A3-9474-1A3956D46DE8}") = "Transferencia", "Transferencia", "{5F8FD2B2-2400-A2B3-11A6-4143C585B5D7}"
EndProject
Project("{FAE04EC0-301F-11D3-BF4B-00C04F79EFBC}") = "BankMore.Transferencia.API", "src\Transferencia\BankMore.Transferencia.API\BankMore.Transferencia.API.csproj", "{F0B3BA5F-05CA-4570-8537-C699485ACC59}"
EndProject
Project("{FAE04EC0-301F-11D3-BF4B-00C04F79EFBC}") = "BankMore.Transferencia.Application", "src\Transferencia\BankMore.Transferencia.Application\BankMore.Transferencia.Application.csproj", "{C319A220-BEC4-4C09-B9F2-0D766A07318F}"
EndProject
Project("{FAE04EC0-301F-11D3-BF4B-00C04F79EFBC}") = "BankMore.Transferencia.Domain", "src\Transferencia\BankMore.Transferencia.Domain\BankMore.Transferencia.Domain.csproj", "{7654B098-54D8-4926-919B-EC2B82AB6843}"
EndProject
Project("{FAE04EC0-301F-11D3-BF4B-00C04F79EFBC}") = "BankMore.Transferencia.Infrastructure", "src\Transferencia\BankMore.Transferencia.Infrastructure\BankMore.Transferencia.Infrastructure.csproj", "{2CEA71F0-5B13-4CCC-BC76-1B5B9B9A97C9}"
EndProject
Project("{2150E333-8FDC-42A3-9474-1A3956D46DE8}") = "Usuario", "Usuario", "{254470DD-C814-0629-331B-DBCCDC6E48BB}"
EndProject
Project("{FAE04EC0-301F-11D3-BF4B-00C04F79EFBC}") = "BankMore.Usuario.API", "src\Usuario\BankMore.Usuario.API\BankMore.Usuario.API.csproj", "{E416ED27-8205-4B22-A03D-3EB5E8E0B3B3}"
EndProject
Project("{FAE04EC0-301F-11D3-BF4B-00C04F79EFBC}") = "BankMore.Usuario.Application", "src\Usuario\BankMore.Usuario.Application\BankMore.Usuario.Application.csproj", "{F26CBF54-44CF-4D2E-BE4C-68AE4D316525}"
EndProject
Project("{FAE04EC0-301F-11D3-BF4B-00C04F79EFBC}") = "BankMore.Usuario.Domain", "src\Usuario\BankMore.Usuario.Domain\BankMore.Usuario.Domain.csproj", "{7E7BB659-1EF3-4356-81C6-13CE1EBA857F}"
EndProject
Project("{FAE04EC0-301F-11D3-BF4B-00C04F79EFBC}") = "BankMore.Usuario.Infrastructure", "src\Usuario\BankMore.Usuario.Infrastructure\BankMore.Usuario.Infrastructure.csproj", "{FFDEFD3F-C1B2-40CB-9459-ADFA1124FF2A}"
EndProject
Project("{2150E333-8FDC-42A3-9474-1A3956D46DE8}") = "Tarifa", "Tarifa", "{B6065475-D4D6-18FE-8B1E-7D0821D2F444}"
EndProject
Project("{FAE04EC0-301F-11D3-BF4B-00C04F79EFBC}") = "BankMore.Tarifa.API", "src\Tarifa\BankMore.Tarifa.API\BankMore.Tarifa.API.csproj", "{F7FED43C-6B02-46F9-B430-A3C20415FDD0}"
EndProject
Project("{FAE04EC0-301F-11D3-BF4B-00C04F79EFBC}") = "BankMore.Tarifa.Application", "src\Tarifa\BankMore.Tarifa.Application\BankMore.Tarifa.Application.csproj", "{E72583F5-78EC-4FEE-A2F4-1999FDE1C2E4}"
EndProject
Project("{FAE04EC0-301F-11D3-BF4B-00C04F79EFBC}") = "BankMore.Tarifa.Domain", "src\Tarifa\BankMore.Tarifa.Domain\BankMore.Tarifa.Domain.csproj", "{EAFCFF23-30BD-4551-965A-D499CBF85D26}"
EndProject
Project("{FAE04EC0-301F-11D3-BF4B-00C04F79EFBC}") = "BankMore.Tarifa.Infrastructure", "src\Tarifa\BankMore.Tarifa.Infrastructure\BankMore.Tarifa.Infrastructure.csproj", "{5FBE3302-95F4-42C2-BF69-1DB0AA8B5ADD}"
EndProject
Project("{2150E333-8FDC-42A3-9474-1A3956D46DE8}") = "tests", "tests", "{0AB3BF05-4346-4AA6-1389-037BE0695223}"
EndProject
Project("{FAE04EC0-301F-11D3-BF4B-00C04F79EFBC}") = "BankMore.ContaCorrente.Tests", "tests\BankMore.ContaCorrente.Tests\BankMore.ContaCorrente.Tests.csproj", "{D81CD270-8FAA-4FCC-8D9F-BC866A63D44C}"
EndProject
Project("{FAE04EC0-301F-11D3-BF4B-00C04F79EFBC}") = "BankMore.Transferencia.Tests", "tests\BankMore.Transferencia.Tests\BankMore.Transferencia.Tests.csproj", "{7372AD24-901D-41A4-AEC4-ED949F8B9698}"
EndProject
Project("{FAE04EC0-301F-11D3-BF4B-00C04F79EFBC}") = "BankMore.Usuario.Tests", "tests\BankMore.Usuario.Tests\BankMore.Usuario.Tests.csproj", "{4DF2800B-A764-4E77-B4F2-1FA60BE50566}"
EndProject
Project("{FAE04EC0-301F-11D3-BF4B-00C04F79EFBC}") = "BankMore.Tarifa.Tests", "tests\BankMore.Tarifa.Tests\BankMore.Tarifa.Tests.csproj", "{FDFABA87-3165-4C84-876A-3F30E2069B2C}"
EndProject
Project("{FAE04EC0-301F-11D3-BF4B-00C04F79EFBC}") = "BankMore.ContaCorrente.API", "src\ContaCorrente\BankMore.ContaCorrente.API\BankMore.ContaCorrente.API.csproj", "{B138B80E-176A-CADE-AA3E-BB44057495BA}"
EndProject
Project("{FAE04EC0-301F-11D3-BF4B-00C04F79EFBC}") = "BankMore.ContaCorrente.Application", "src\ContaCorrente\BankMore.ContaCorrente.Application\BankMore.ContaCorrente.Application.csproj", "{9E0BB266-331F-25F1-8F7F-11755DDEE479}"
EndProject
Project("{FAE04EC0-301F-11D3-BF4B-00C04F79EFBC}") = "BankMore.ContaCorrente.Domain", "src\ContaCorrente\BankMore.ContaCorrente.Domain\BankMore.ContaCorrente.Domain.csproj", "{159360CD-FFB6-90E8-AD8C-DB2F2383F7F1}"
EndProject
Project("{FAE04EC0-301F-11D3-BF4B-00C04F79EFBC}") = "BankMore.ContaCorrente.Infrastructure", "src\ContaCorrente\BankMore.ContaCorrente.Infrastructure\BankMore.ContaCorrente.Infrastructure.csproj", "{9F3D970C-76A3-18B7-6E98-C16B1A7FB53F}"
EndProject
Project("{2150E333-8FDC-42A3-9474-1A3956D46DE8}") = "ContaCorrente", "ContaCorrente", "{02EA681E-C7D8-13C7-8484-4AC65E1B71E8}"
EndProject
Global
	GlobalSection(SolutionConfigurationPlatforms) = preSolution
		Debug|Any CPU = Debug|Any CPU
		Debug|x64 = Debug|x64
		Debug|x86 = Debug|x86
		Release|Any CPU = Release|Any CPU
		Release|x64 = Release|x64
		Release|x86 = Release|x86
	EndGlobalSection
	GlobalSection(ProjectConfigurationPlatforms) = postSolution
		{F0B3BA5F-05CA-4570-8537-C699485ACC59}.Debug|Any CPU.ActiveCfg = Debug|Any CPU
		{F0B3BA5F-05CA-4570-8537-C699485ACC59}.Debug|Any CPU.Build.0 = Debug|Any CPU
		{F0B3BA5F-05CA-4570-8537-C699485ACC59}.Debug|x64.ActiveCfg = Debug|Any CPU
		{F0B3BA5F-05CA-4570-8537-C699485ACC59}.Debug|x64.Build.0 = Debug|Any CPU
		{F0B3BA5F-05CA-4570-8537-C699485ACC59}.Debug|x86.ActiveCfg = Debug|Any CPU
		{F0B3BA5F-05CA-4570-8537-C699485ACC59}.Debug|x86.Build.0 = Debug|Any CPU
		{F0B3BA5F-05CA-4570-8537-C699485ACC59}.Release|Any CPU.ActiveCfg = Release|Any CPU
		{F0B3BA5F-05CA-4570-8537-C699485ACC59}.Release|Any CPU.Build.0 = Release|Any CPU
		{F0B3BA5F-05CA-4570-8537-C699485ACC59}.Release|x64.ActiveCfg = Release|Any CPU
		{F0B3BA5F-05CA-4570-8537-C699485ACC59}.Release|x64.Build.0 = Release|Any CPU
		{F0B3BA5F-05CA-4570-8537-C699485ACC59}.Release|x86.ActiveCfg = Release|Any CPU
		{F0B3BA5F-05CA-4570-8537-C699485ACC59}.Release|x86.Build.0 = Release|Any CPU
		{C319A220-BEC4-4C09-B9F2-0D766A07318F}.Debug|Any CPU.ActiveCfg = Debug|Any CPU
		{C319A220-BEC4-4C09-B9F2-0D766A07318F}.Debug|Any CPU.Build.0 = Debug|Any CPU
		{C319A220-BEC4-4C09-B9F2-0D766A07318F}.Debug|x64.ActiveCfg = Debug|Any CPU
		{C319A220-BEC4-4C09-B9F2-0D766A07318F}.Debug|x64.Build.0 = Debug|Any CPU
		{C319A220-BEC4-4C09-B9F2-0D766A07318F}.Debug|x86.ActiveCfg = Debug|Any CPU
		{C319A220-BEC4-4C09-B9F2-0D766A07318F}.Debug|x86.Build.0 = Debug|Any CPU
		{C319A220-BEC4-4C09-B9F2-0D766A07318F}.Release|Any CPU.ActiveCfg = Release|Any CPU
		{C319A220-BEC4-4C09-B9F2-0D766A07318F}.Release|Any CPU.Build.0 = Release|Any CPU
		{C319A220-BEC4-4C09-B9F2-0D766A07318F}.Release|x64.ActiveCfg = Release|Any CPU
		{C319A220-BEC4-4C09-B9F2-0D766A07318F}.Release|x64.Build.0 = Release|Any CPU
		{C319A220-BEC4-4C09-B9F2-0D766A07318F}.Release|x86.ActiveCfg = Release|Any CPU
		{C319A220-BEC4-4C09-B9F2-0D766A07318F}.Release|x86.Build.0 = Release|Any CPU
		{7654B098-54D8-4926-919B-EC2B82AB6843}.Debug|Any CPU.ActiveCfg = Debug|Any CPU
		{7654B098-54D8-4926-919B-EC2B82AB6843}.Debug|Any CPU.Build.0 = Debug|Any CPU
		{7654B098-54D8-4926-919B-EC2B82AB6843}.Debug|x64.ActiveCfg = Debug|Any CPU
		{7654B098-54D8-4926-919B-EC2B82AB6843}.Debug|x64.Build.0 = Debug|Any CPU
		{7654B098-54D8-4926-919B-EC2B82AB6843}.Debug|x86.ActiveCfg = Debug|Any CPU
		{7654B098-54D8-4926-919B-EC2B82AB6843}.Debug|x86.Build.0 = Debug|Any CPU
		{7654B098-54D8-4926-919B-EC2B82AB6843}.Release|Any CPU.ActiveCfg = Release|Any CPU
		{7654B098-54D8-4926-919B-EC2B82AB6843}.Release|Any CPU.Build.0 = Release|Any CPU
		{7654B098-54D8-4926-919B-EC2B82AB6843}.Release|x64.ActiveCfg = Release|Any CPU
		{7654B098-54D8-4926-919B-EC2B82AB6843}.Release|x64.Build.0 = Release|Any CPU
		{7654B098-54D8-4926-919B-EC2B82AB6843}.Release|x86.ActiveCfg = Release|Any CPU
		{7654B098-54D8-4926-919B-EC2B82AB6843}.Release|x86.Build.0 = Release|Any CPU
		{2CEA71F0-5B13-4CCC-BC76-1B5B9B9A97C9}.Debug|Any CPU.ActiveCfg = Debug|Any CPU
		{2CEA71F0-5B13-4CCC-BC76-1B5B9B9A97C9}.Debug|Any CPU.Build.0 = Debug|Any CPU
		{2CEA71F0-5B13-4CCC-BC76-1B5B9B9A97C9}.Debug|x64.ActiveCfg = Debug|Any CPU
		{2CEA71F0-5B13-4CCC-BC76-1B5B9B9A97C9}.Debug|x64.Build.0 = Debug|Any CPU
		{2CEA71F0-5B13-4CCC-BC76-1B5B9B9A97C9}.Debug|x86.ActiveCfg = Debug|Any CPU
		{2CEA71F0-5B13-4CCC-BC76-1B5B9B9A97C9}.Debug|x86.Build.0 = Debug|Any CPU
		{2CEA71F0-5B13-4CCC-BC76-1B5B9B9A97C9}.Release|Any CPU.ActiveCfg = Release|Any CPU
		{2CEA71F0-5B13-4CCC-BC76-1B5B9B9A97C9}.Release|Any CPU.Build.0 = Release|Any CPU
		{2CEA71F0-5B13-4CCC-BC76-1B5B9B9A97C9}.Release|x64.ActiveCfg = Release|Any CPU
		{2CEA71F0-5B13-4CCC-BC76-1B5B9B9A97C9}.Release|x64.Build.0 = Release|Any CPU
		{2CEA71F0-5B13-4CCC-BC76-1B5B9B9A97C9}.Release|x86.ActiveCfg = Release|Any CPU
		{2CEA71F0-5B13-4CCC-BC76-1B5B9B9A97C9}.Release|x86.Build.0 = Release|Any CPU
		{E416ED27-8205-4B22-A03D-3EB5E8E0B3B3}.Debug|Any CPU.ActiveCfg = Debug|Any CPU
		{E416ED27-8205-4B22-A03D-3EB5E8E0B3B3}.Debug|Any CPU.Build.0 = Debug|Any CPU
		{E416ED27-8205-4B22-A03D-3EB5E8E0B3B3}.Debug|x64.ActiveCfg = Debug|Any CPU
		{E416ED27-8205-4B22-A03D-3EB5E8E0B3B3}.Debug|x64.Build.0 = Debug|Any CPU
		{E416ED27-8205-4B22-A03D-3EB5E8E0B3B3}.Debug|x86.ActiveCfg = Debug|Any CPU
		{E416ED27-8205-4B22-A03D-3EB5E8E0B3B3}.Debug|x86.Build.0 = Debug|Any CPU
		{E416ED27-8205-4B22-A03D-3EB5E8E0B3B3}.Release|Any CPU.ActiveCfg = Release|Any CPU
		{E416ED27-8205-4B22-A03D-3EB5E8E0B3B3}.Release|Any CPU.Build.0 = Release|Any CPU
		{E416ED27-8205-4B22-A03D-3EB5E8E0B3B3}.Release|x64.ActiveCfg = Release|Any CPU
		{E416ED27-8205-4B22-A03D-3EB5E8E0B3B3}.Release|x64.Build.0 = Release|Any CPU
		{E416ED27-8205-4B22-A03D-3EB5E8E0B3B3}.Release|x86.ActiveCfg = Release|Any CPU
		{E416ED27-8205-4B22-A03D-3EB5E8E0B3B3}.Release|x86.Build.0 = Release|Any CPU
		{F26CBF54-44CF-4D2E-BE4C-68AE4D316525}.Debug|Any CPU.ActiveCfg = Debug|Any CPU
		{F26CBF54-44CF-4D2E-BE4C-68AE4D316525}.Debug|Any CPU.Build.0 = Debug|Any CPU
		{F26CBF54-44CF-4D2E-BE4C-68AE4D316525}.Debug|x64.ActiveCfg = Debug|Any CPU
		{F26CBF54-44CF-4D2E-BE4C-68AE4D316525}.Debug|x64.Build.0 = Debug|Any CPU
		{F26CBF54-44CF-4D2E-BE4C-68AE4D316525}.Debug|x86.ActiveCfg = Debug|Any CPU
		{F26CBF54-44CF-4D2E-BE4C-68AE4D316525}.Debug|x86.Build.0 = Debug|Any CPU
		{F26CBF54-44CF-4D2E-BE4C-68AE4D316525}.Release|Any CPU.ActiveCfg = Release|Any CPU
		{F26CBF54-44CF-4D2E-BE4C-68AE4D316525}.Release|Any CPU.Build.0 = Release|Any CPU
		{F26CBF54-44CF-4D2E-BE4C-68AE4D316525}.Release|x64.ActiveCfg = Release|Any CPU
		{F26CBF54-44CF-4D2E-BE4C-68AE4D316525}.Release|x64.Build.0 = Release|Any CPU
		{F26CBF54-44CF-4D2E-BE4C-68AE4D316525}.Release|x86.ActiveCfg = Release|Any CPU
		{F26CBF54-44CF-4D2E-BE4C-68AE4D316525}.Release|x86.Build.0 = Release|Any CPU
		{7E7BB659-1EF3-4356-81C6-13CE1EBA857F}.Debug|Any CPU.ActiveCfg = Debug|Any CPU
		{7E7BB659-1EF3-4356-81C6-13CE1EBA857F}.Debug|Any CPU.Build.0 = Debug|Any CPU
		{7E7BB659-1EF3-4356-81C6-13CE1EBA857F}.Debug|x64.ActiveCfg = Debug|Any CPU
		{7E7BB659-1EF3-4356-81C6-13CE1EBA857F}.Debug|x64.Build.0 = Debug|Any CPU
		{7E7BB659-1EF3-4356-81C6-13CE1EBA857F}.Debug|x86.ActiveCfg = Debug|Any CPU
		{7E7BB659-1EF3-4356-81C6-13CE1EBA857F}.Debug|x86.Build.0 = Debug|Any CPU
		{7E7BB659-1EF3-4356-81C6-13CE1EBA857F}.Release|Any CPU.ActiveCfg = Release|Any CPU
		{7E7BB659-1EF3-4356-81C6-13CE1EBA857F}.Release|Any CPU.Build.0 = Release|Any CPU
		{7E7BB659-1EF3-4356-81C6-13CE1EBA857F}.Release|x64.ActiveCfg = Release|Any CPU
		{7E7BB659-1EF3-4356-81C6-13CE1EBA857F}.Release|x64.Build.0 = Release|Any CPU
		{7E7BB659-1EF3-4356-81C6-13CE1EBA857F}.Release|x86.ActiveCfg = Release|Any CPU
		{7E7BB659-1EF3-4356-81C6-13CE1EBA857F}.Release|x86.Build.0 = Release|Any CPU
		{FFDEFD3F-C1B2-40CB-9459-ADFA1124FF2A}.Debug|Any CPU.ActiveCfg = Debug|Any CPU
		{FFDEFD3F-C1B2-40CB-9459-ADFA1124FF2A}.Debug|Any CPU.Build.0 = Debug|Any CPU
		{FFDEFD3F-C1B2-40CB-9459-ADFA1124FF2A}.Debug|x64.ActiveCfg = Debug|Any CPU
		{FFDEFD3F-C1B2-40CB-9459-ADFA1124FF2A}.Debug|x64.Build.0 = Debug|Any CPU
		{FFDEFD3F-C1B2-40CB-9459-ADFA1124FF2A}.Debug|x86.ActiveCfg = Debug|Any CPU
		{FFDEFD3F-C1B2-40CB-9459-ADFA1124FF2A}.Debug|x86.Build.0 = Debug|Any CPU
		{FFDEFD3F-C1B2-40CB-9459-ADFA1124FF2A}.Release|Any CPU.ActiveCfg = Release|Any CPU
		{FFDEFD3F-C1B2-40CB-9459-ADFA1124FF2A}.Release|Any CPU.Build.0 = Release|Any CPU
		{FFDEFD3F-C1B2-40CB-9459-ADFA1124FF2A}.Release|x64.ActiveCfg = Release|Any CPU
		{FFDEFD3F-C1B2-40CB-9459-ADFA1124FF2A}.Release|x64.Build.0 = Release|Any CPU
		{FFDEFD3F-C1B2-40CB-9459-ADFA1124FF2A}.Release|x86.ActiveCfg = Release|Any CPU
		{FFDEFD3F-C1B2-40CB-9459-ADFA1124FF2A}.Release|x86.Build.0 = Release|Any CPU
		{F7FED43C-6B02-46F9-B430-A3C20415FDD0}.Debug|Any CPU.ActiveCfg = Debug|Any CPU
		{F7FED43C-6B02-46F9-B430-A3C20415FDD0}.Debug|Any CPU.Build.0 = Debug|Any CPU
		{F7FED43C-6B02-46F9-B430-A3C20415FDD0}.Debug|x64.ActiveCfg = Debug|Any CPU
		{F7FED43C-6B02-46F9-B430-A3C20415FDD0}.Debug|x64.Build.0 = Debug|Any CPU
		{F7FED43C-6B02-46F9-B430-A3C20415FDD0}.Debug|x86.ActiveCfg = Debug|Any CPU
		{F7FED43C-6B02-46F9-B430-A3C20415FDD0}.Debug|x86.Build.0 = Debug|Any CPU
		{F7FED43C-6B02-46F9-B430-A3C20415FDD0}.Release|Any CPU.ActiveCfg = Release|Any CPU
		{F7FED43C-6B02-46F9-B430-A3C20415FDD0}.Release|Any CPU.Build.0 = Release|Any CPU
		{F7FED43C-6B02-46F9-B430-A3C20415FDD0}.Release|x64.ActiveCfg = Release|Any CPU
		{F7FED43C-6B02-46F9-B430-A3C20415FDD0}.Release|x64.Build.0 = Release|Any CPU
		{F7FED43C-6B02-46F9-B430-A3C20415FDD0}.Release|x86.ActiveCfg = Release|Any CPU
		{F7FED43C-6B02-46F9-B430-A3C20415FDD0}.Release|x86.Build.0 = Release|Any CPU
		{E72583F5-78EC-4FEE-A2F4-1999FDE1C2E4}.Debug|Any CPU.ActiveCfg = Debug|Any CPU
		{E72583F5-78EC-4FEE-A2F4-1999FDE1C2E4}.Debug|Any CPU.Build.0 = Debug|Any CPU
		{E72583F5-78EC-4FEE-A2F4-1999FDE1C2E4}.Debug|x64.ActiveCfg = Debug|Any CPU
		{E72583F5-78EC-4FEE-A2F4-1999FDE1C2E4}.Debug|x64.Build.0 = Debug|Any CPU
		{E72583F5-78EC-4FEE-A2F4-1999FDE1C2E4}.Debug|x86.ActiveCfg = Debug|Any CPU
		{E72583F5-78EC-4FEE-A2F4-1999FDE1C2E4}.Debug|x86.Build.0 = Debug|Any CPU
		{E72583F5-78EC-4FEE-A2F4-1999FDE1C2E4}.Release|Any CPU.ActiveCfg = Release|Any CPU
		{E72583F5-78EC-4FEE-A2F4-1999FDE1C2E4}.Release|Any CPU.Build.0 = Release|Any CPU
		{E72583F5-78EC-4FEE-A2F4-1999FDE1C2E4}.Release|x64.ActiveCfg = Release|Any CPU
		{E72583F5-78EC-4FEE-A2F4-1999FDE1C2E4}.Release|x64.Build.0 = Release|Any CPU
		{E72583F5-78EC-4FEE-A2F4-1999FDE1C2E4}.Release|x86.ActiveCfg = Release|Any CPU
		{E72583F5-78EC-4FEE-A2F4-1999FDE1C2E4}.Release|x86.Build.0 = Release|Any CPU
		{EAFCFF23-30BD-4551-965A-D499CBF85D26}.Debug|Any CPU.ActiveCfg = Debug|Any CPU
		{EAFCFF23-30BD-4551-965A-D499CBF85D26}.Debug|Any CPU.Build.0 = Debug|Any CPU
		{EAFCFF23-30BD-4551-965A-D499CBF85D26}.Debug|x64.ActiveCfg = Debug|Any CPU
		{EAFCFF23-30BD-4551-965A-D499CBF85D26}.Debug|x64.Build.0 = Debug|Any CPU
		{EAFCFF23-30BD-4551-965A-D499CBF85D26}.Debug|x86.ActiveCfg = Debug|Any CPU
		{EAFCFF23-30BD-4551-965A-D499CBF85D26}.Debug|x86.Build.0 = Debug|Any CPU
		{EAFCFF23-30BD-4551-965A-D499CBF85D26}.Release|Any CPU.ActiveCfg = Release|Any CPU
		{EAFCFF23-30BD-4551-965A-D499CBF85D26}.Release|Any CPU.Build.0 = Release|Any CPU
		{EAFCFF23-30BD-4551-965A-D499CBF85D26}.Release|x64.ActiveCfg = Release|Any CPU
		{EAFCFF23-30BD-4551-965A-D499CBF85D26}.Release|x64.Build.0 = Release|Any CPU
		{EAFCFF23-30BD-4551-965A-D499CBF85D26}.Release|x86.ActiveCfg = Release|Any CPU
		{EAFCFF23-30BD-4551-965A-D499CBF85D26}.Release|x86.Build.0 = Release|Any CPU
		{5FBE3302-95F4-42C2-BF69-1DB0AA8B5ADD}.Debug|Any CPU.ActiveCfg = Debug|Any CPU
		{5FBE3302-95F4-42C2-BF69-1DB0AA8B5ADD}.Debug|Any CPU.Build.0 = Debug|Any CPU
		{5FBE3302-95F4-42C2-BF69-1DB0AA8B5ADD}.Debug|x64.ActiveCfg = Debug|Any CPU
		{5FBE3302-95F4-42C2-BF69-1DB0AA8B5ADD}.Debug|x64.Build.0 = Debug|Any CPU
		{5FBE3302-95F4-42C2-BF69-1DB0AA8B5ADD}.Debug|x86.ActiveCfg = Debug|Any CPU
		{5FBE3302-95F4-42C2-BF69-1DB0AA8B5ADD}.Debug|x86.Build.0 = Debug|Any CPU
		{5FBE3302-95F4-42C2-BF69-1DB0AA8B5ADD}.Release|Any CPU.ActiveCfg = Release|Any CPU
		{5FBE3302-95F4-42C2-BF69-1DB0AA8B5ADD}.Release|Any CPU.Build.0 = Release|Any CPU
		{5FBE3302-95F4-42C2-BF69-1DB0AA8B5ADD}.Release|x64.ActiveCfg = Release|Any CPU
		{5FBE3302-95F4-42C2-BF69-1DB0AA8B5ADD}.Release|x64.Build.0 = Release|Any CPU
		{5FBE3302-95F4-42C2-BF69-1DB0AA8B5ADD}.Release|x86.ActiveCfg = Release|Any CPU
		{5FBE3302-95F4-42C2-BF69-1DB0AA8B5ADD}.Release|x86.Build.0 = Release|Any CPU
		{D81CD270-8FAA-4FCC-8D9F-BC866A63D44C}.Debug|Any CPU.ActiveCfg = Debug|Any CPU
		{D81CD270-8FAA-4FCC-8D9F-BC866A63D44C}.Debug|Any CPU.Build.0 = Debug|Any CPU
		{D81CD270-8FAA-4FCC-8D9F-BC866A63D44C}.Debug|x64.ActiveCfg = Debug|Any CPU
		{D81CD270-8FAA-4FCC-8D9F-BC866A63D44C}.Debug|x64.Build.0 = Debug|Any CPU
		{D81CD270-8FAA-4FCC-8D9F-BC866A63D44C}.Debug|x86.ActiveCfg = Debug|Any CPU
		{D81CD270-8FAA-4FCC-8D9F-BC866A63D44C}.Debug|x86.Build.0 = Debug|Any CPU
		{D81CD270-8FAA-4FCC-8D9F-BC866A63D44C}.Release|Any CPU.ActiveCfg = Release|Any CPU
		{D81CD270-8FAA-4FCC-8D9F-BC866A63D44C}.Release|Any CPU.Build.0 = Release|Any CPU
		{D81CD270-8FAA-4FCC-8D9F-BC866A63D44C}.Release|x64.ActiveCfg = Release|Any CPU
		{D81CD270-8FAA-4FCC-8D9F-BC866A63D44C}.Release|x64.Build.0 = Release|Any CPU
		{D81CD270-8FAA-4FCC-8D9F-BC866A63D44C}.Release|x86.ActiveCfg = Release|Any CPU
		{D81CD270-8FAA-4FCC-8D9F-BC866A63D44C}.Release|x86.Build.0 = Release|Any CPU
		{7372AD24-901D-41A4-AEC4-ED949F8B9698}.Debug|Any CPU.ActiveCfg = Debug|Any CPU
		{7372AD24-901D-41A4-AEC4-ED949F8B9698}.Debug|Any CPU.Build.0 = Debug|Any CPU
		{7372AD24-901D-41A4-AEC4-ED949F8B9698}.Debug|x64.ActiveCfg = Debug|Any CPU
		{7372AD24-901D-41A4-AEC4-ED949F8B9698}.Debug|x64.Build.0 = Debug|Any CPU
		{7372AD24-901D-41A4-AEC4-ED949F8B9698}.Debug|x86.ActiveCfg = Debug|Any CPU
		{7372AD24-901D-41A4-AEC4-ED949F8B9698}.Debug|x86.Build.0 = Debug|Any CPU
		{7372AD24-901D-41A4-AEC4-ED949F8B9698}.Release|Any CPU.ActiveCfg = Release|Any CPU
		{7372AD24-901D-41A4-AEC4-ED949F8B9698}.Release|Any CPU.Build.0 = Release|Any CPU
		{7372AD24-901D-41A4-AEC4-ED949F8B9698}.Release|x64.ActiveCfg = Release|Any CPU
		{7372AD24-901D-41A4-AEC4-ED949F8B9698}.Release|x64.Build.0 = Release|Any CPU
		{7372AD24-901D-41A4-AEC4-ED949F8B9698}.Release|x86.ActiveCfg = Release|Any CPU
		{7372AD24-901D-41A4-AEC4-ED949F8B9698}.Release|x86.Build.0 = Release|Any CPU
		{4DF2800B-A764-4E77-B4F2-1FA60BE50566}.Debug|Any CPU.ActiveCfg = Debug|Any CPU
		{4DF2800B-A764-4E77-B4F2-1FA60BE50566}.Debug|Any CPU.Build.0 = Debug|Any CPU
		{4DF2800B-A764-4E77-B4F2-1FA60BE50566}.Debug|x64.ActiveCfg = Debug|Any CPU
		{4DF2800B-A764-4E77-B4F2-1FA60BE50566}.Debug|x64.Build.0 = Debug|Any CPU
		{4DF2800B-A764-4E77-B4F2-1FA60BE50566}.Debug|x86.ActiveCfg = Debug|Any CPU
		{4DF2800B-A764-4E77-B4F2-1FA60BE50566}.Debug|x86.Build.0 = Debug|Any CPU
		{4DF2800B-A764-4E77-B4F2-1FA60BE50566}.Release|Any CPU.ActiveCfg = Release|Any CPU
		{4DF2800B-A764-4E77-B4F2-1FA60BE50566}.Release|Any CPU.Build.0 = Release|Any CPU
		{4DF2800B-A764-4E77-B4F2-1FA60BE50566}.Release|x64.ActiveCfg = Release|Any CPU
		{4DF2800B-A764-4E77-B4F2-1FA60BE50566}.Release|x64.Build.0 = Release|Any CPU
		{4DF2800B-A764-4E77-B4F2-1FA60BE50566}.Release|x86.ActiveCfg = Release|Any CPU
		{4DF2800B-A764-4E77-B4F2-1FA60BE50566}.Release|x86.Build.0 = Release|Any CPU
		{FDFABA87-3165-4C84-876A-3F30E2069B2C}.Debug|Any CPU.ActiveCfg = Debug|Any CPU
		{FDFABA87-3165-4C84-876A-3F30E2069B2C}.Debug|Any CPU.Build.0 = Debug|Any CPU
		{FDFABA87-3165-4C84-876A-3F30E2069B2C}.Debug|x64.ActiveCfg = Debug|Any CPU
		{FDFABA87-3165-4C84-876A-3F30E2069B2C}.Debug|x64.Build.0 = Debug|Any CPU
		{FDFABA87-3165-4C84-876A-3F30E2069B2C}.Debug|x86.ActiveCfg = Debug|Any CPU
		{FDFABA87-3165-4C84-876A-3F30E2069B2C}.Debug|x86.Build.0 = Debug|Any CPU
		{FDFABA87-3165-4C84-876A-3F30E2069B2C}.Release|Any CPU.ActiveCfg = Release|Any CPU
		{FDFABA87-3165-4C84-876A-3F30E2069B2C}.Release|Any CPU.Build.0 = Release|Any CPU
		{FDFABA87-3165-4C84-876A-3F30E2069B2C}.Release|x64.ActiveCfg = Release|Any CPU
		{FDFABA87-3165-4C84-876A-3F30E2069B2C}.Release|x64.Build.0 = Release|Any CPU
		{FDFABA87-3165-4C84-876A-3F30E2069B2C}.Release|x86.ActiveCfg = Release|Any CPU
		{FDFABA87-3165-4C84-876A-3F30E2069B2C}.Release|x86.Build.0 = Release|Any CPU
		{B138B80E-176A-CADE-AA3E-BB44057495BA}.Debug|Any CPU.ActiveCfg = Debug|Any CPU
		{B138B80E-176A-CADE-AA3E-BB44057495BA}.Debug|Any CPU.Build.0 = Debug|Any CPU
		{B138B80E-176A-CADE-AA3E-BB44057495BA}.Debug|x64.ActiveCfg = Debug|Any CPU
		{B138B80E-176A-CADE-AA3E-BB44057495BA}.Debug|x64.Build.0 = Debug|Any CPU
		{B138B80E-176A-CADE-AA3E-BB44057495BA}.Debug|x86.ActiveCfg = Debug|Any CPU
		{B138B80E-176A-CADE-AA3E-BB44057495BA}.Debug|x86.Build.0 = Debug|Any CPU
		{B138B80E-176A-CADE-AA3E-BB44057495BA}.Release|Any CPU.ActiveCfg = Release|Any CPU
		{B138B80E-176A-CADE-AA3E-BB44057495BA}.Release|Any CPU.Build.0 = Release|Any CPU
		{B138B80E-176A-CADE-AA3E-BB44057495BA}.Release|x64.ActiveCfg = Release|Any CPU
		{B138B80E-176A-CADE-AA3E-BB44057495BA}.Release|x64.Build.0 = Release|Any CPU
		{B138B80E-176A-CADE-AA3E-BB44057495BA}.Release|x86.ActiveCfg = Release|Any CPU
		{B138B80E-176A-CADE-AA3E-BB44057495BA}.Release|x86.Build.0 = Release|Any CPU
		{9E0BB266-331F-25F1-8F7F-11755DDEE479}.Debug|Any CPU.ActiveCfg = Debug|Any CPU
		{9E0BB266-331F-25F1-8F7F-11755DDEE479}.Debug|Any CPU.Build.0 = Debug|Any CPU
		{9E0BB266-331F-25F1-8F7F-11755DDEE479}.Debug|x64.ActiveCfg = Debug|Any CPU
		{9E0BB266-331F-25F1-8F7F-11755DDEE479}.Debug|x64.Build.0 = Debug|Any CPU
		{9E0BB266-331F-25F1-8F7F-11755DDEE479}.Debug|x86.ActiveCfg = Debug|Any CPU
		{9E0BB266-331F-25F1-8F7F-11755DDEE479}.Debug|x86.Build.0 = Debug|Any CPU
		{9E0BB266-331F-25F1-8F7F-11755DDEE479}.Release|Any CPU.ActiveCfg = Release|Any CPU
		{9E0BB266-331F-25F1-8F7F-11755DDEE479}.Release|Any CPU.Build.0 = Release|Any CPU
		{9E0BB266-331F-25F1-8F7F-11755DDEE479}.Release|x64.ActiveCfg = Release|Any CPU
		{9E0BB266-331F-25F1-8F7F-11755DDEE479}.Release|x64.Build.0 = Release|Any CPU
		{9E0BB266-331F-25F1-8F7F-11755DDEE479}.Release|x86.ActiveCfg = Release|Any CPU
		{9E0BB266-331F-25F1-8F7F-11755DDEE479}.Release|x86.Build.0 = Release|Any CPU
		{159360CD-FFB6-90E8-AD8C-DB2F2383F7F1}.Debug|Any CPU.ActiveCfg = Debug|Any CPU
		{159360CD-FFB6-90E8-AD8C-DB2F2383F7F1}.Debug|Any CPU.Build.0 = Debug|Any CPU
		{159360CD-FFB6-90E8-AD8C-DB2F2383F7F1}.Debug|x64.ActiveCfg = Debug|Any CPU
		{159360CD-FFB6-90E8-AD8C-DB2F2383F7F1}.Debug|x64.Build.0 = Debug|Any CPU
		{159360CD-FFB6-90E8-AD8C-DB2F2383F7F1}.Debug|x86.ActiveCfg = Debug|Any CPU
		{159360CD-FFB6-90E8-AD8C-DB2F2383F7F1}.Debug|x86.Build.0 = Debug|Any CPU
		{159360CD-FFB6-90E8-AD8C-DB2F2383F7F1}.Release|Any CPU.ActiveCfg = Release|Any CPU
		{159360CD-FFB6-90E8-AD8C-DB2F2383F7F1}.Release|Any CPU.Build.0 = Release|Any CPU
		{159360CD-FFB6-90E8-AD8C-DB2F2383F7F1}.Release|x64.ActiveCfg = Release|Any CPU
		{159360CD-FFB6-90E8-AD8C-DB2F2383F7F1}.Release|x64.Build.0 = Release|Any CPU
		{159360CD-FFB6-90E8-AD8C-DB2F2383F7F1}.Release|x86.ActiveCfg = Release|Any CPU
		{159360CD-FFB6-90E8-AD8C-DB2F2383F7F1}.Release|x86.Build.0 = Release|Any CPU
		{9F3D970C-76A3-18B7-6E98-C16B1A7FB53F}.Debug|Any CPU.ActiveCfg = Debug|Any CPU
		{9F3D970C-76A3-18B7-6E98-C16B1A7FB53F}.Debug|Any CPU.Build.0 = Debug|Any CPU
		{9F3D970C-76A3-18B7-6E98-C16B1A7FB53F}.Debug|x64.ActiveCfg = Debug|Any CPU
		{9F3D970C-76A3-18B7-6E98-C16B1A7FB53F}.Debug|x64.Build.0 = Debug|Any CPU
		{9F3D970C-76A3-18B7-6E98-C16B1A7FB53F}.Debug|x86.ActiveCfg = Debug|Any CPU
		{9F3D970C-76A3-18B7-6E98-C16B1A7FB53F}.Debug|x86.Build.0 = Debug|Any CPU
		{9F3D970C-76A3-18B7-6E98-C16B1A7FB53F}.Release|Any CPU.ActiveCfg = Release|Any CPU
		{9F3D970C-76A3-18B7-6E98-C16B1A7FB53F}.Release|Any CPU.Build.0 = Release|Any CPU
		{9F3D970C-76A3-18B7-6E98-C16B1A7FB53F}.Release|x64.ActiveCfg = Release|Any CPU
		{9F3D970C-76A3-18B7-6E98-C16B1A7FB53F}.Release|x64.Build.0 = Release|Any CPU
		{9F3D970C-76A3-18B7-6E98-C16B1A7FB53F}.Release|x86.ActiveCfg = Release|Any CPU
		{9F3D970C-76A3-18B7-6E98-C16B1A7FB53F}.Release|x86.Build.0 = Release|Any CPU
	EndGlobalSection
	GlobalSection(SolutionProperties) = preSolution
		HideSolutionNode = FALSE
	EndGlobalSection
	GlobalSection(NestedProjects) = preSolution
		{5F8FD2B2-2400-A2B3-11A6-4143C585B5D7} = {827E0CD3-B72D-47B6-A68D-7590B98EB39B}
		{F0B3BA5F-05CA-4570-8537-C699485ACC59} = {5F8FD2B2-2400-A2B3-11A6-4143C585B5D7}
		{C319A220-BEC4-4C09-B9F2-0D766A07318F} = {5F8FD2B2-2400-A2B3-11A6-4143C585B5D7}
		{7654B098-54D8-4926-919B-EC2B82AB6843} = {5F8FD2B2-2400-A2B3-11A6-4143C585B5D7}
		{2CEA71F0-5B13-4CCC-BC76-1B5B9B9A97C9} = {5F8FD2B2-2400-A2B3-11A6-4143C585B5D7}
		{254470DD-C814-0629-331B-DBCCDC6E48BB} = {827E0CD3-B72D-47B6-A68D-7590B98EB39B}
		{E416ED27-8205-4B22-A03D-3EB5E8E0B3B3} = {254470DD-C814-0629-331B-DBCCDC6E48BB}
		{F26CBF54-44CF-4D2E-BE4C-68AE4D316525} = {254470DD-C814-0629-331B-DBCCDC6E48BB}
		{7E7BB659-1EF3-4356-81C6-13CE1EBA857F} = {254470DD-C814-0629-331B-DBCCDC6E48BB}
		{FFDEFD3F-C1B2-40CB-9459-ADFA1124FF2A} = {254470DD-C814-0629-331B-DBCCDC6E48BB}
		{B6065475-D4D6-18FE-8B1E-7D0821D2F444} = {827E0CD3-B72D-47B6-A68D-7590B98EB39B}
		{F7FED43C-6B02-46F9-B430-A3C20415FDD0} = {B6065475-D4D6-18FE-8B1E-7D0821D2F444}
		{E72583F5-78EC-4FEE-A2F4-1999FDE1C2E4} = {B6065475-D4D6-18FE-8B1E-7D0821D2F444}
		{EAFCFF23-30BD-4551-965A-D499CBF85D26} = {B6065475-D4D6-18FE-8B1E-7D0821D2F444}
		{5FBE3302-95F4-42C2-BF69-1DB0AA8B5ADD} = {B6065475-D4D6-18FE-8B1E-7D0821D2F444}
		{D81CD270-8FAA-4FCC-8D9F-BC866A63D44C} = {0AB3BF05-4346-4AA6-1389-037BE0695223}
		{7372AD24-901D-41A4-AEC4-ED949F8B9698} = {0AB3BF05-4346-4AA6-1389-037BE0695223}
		{4DF2800B-A764-4E77-B4F2-1FA60BE50566} = {0AB3BF05-4346-4AA6-1389-037BE0695223}
		{FDFABA87-3165-4C84-876A-3F30E2069B2C} = {0AB3BF05-4346-4AA6-1389-037BE0695223}
		{B138B80E-176A-CADE-AA3E-BB44057495BA} = {02EA681E-C7D8-13C7-8484-4AC65E1B71E8}
		{9E0BB266-331F-25F1-8F7F-11755DDEE479} = {02EA681E-C7D8-13C7-8484-4AC65E1B71E8}
		{159360CD-FFB6-90E8-AD8C-DB2F2383F7F1} = {02EA681E-C7D8-13C7-8484-4AC65E1B71E8}
		{9F3D970C-76A3-18B7-6E98-C16B1A7FB53F} = {02EA681E-C7D8-13C7-8484-4AC65E1B71E8}
		{02EA681E-C7D8-13C7-8484-4AC65E1B71E8} = {827E0CD3-B72D-47B6-A68D-7590B98EB39B}
	EndGlobalSection
EndGlobal
